
Microsoft Visual Studio Solution File, Format Version 12.00
# Visual Studio Version 16
VisualStudioVersion = 16.0.32802.440
MinimumVisualStudioVersion = 10.0.40219.1
Project("{FAE04EC0-301F-11D3-BF4B-00C04F79EFBC}") = "Asp_MongoDB", "Asp_MongoDB\Asp_MongoDB.csproj", "{FD8534A9-BBE8-4404-8CDA-9D9011DC8811}"
EndProject
Global
	GlobalSection(SolutionConfigurationPlatforms) = preSolution
		Debug|Any CPU = Debug|Any CPU
		Release|Any CPU = Release|Any CPU
	EndGlobalSection
	GlobalSection(ProjectConfigurationPlatforms) = postSolution
		{FD8534A9-BBE8-4404-8CDA-9D9011DC8811}.Debug|Any CPU.ActiveCfg = Debug|Any CPU
		{FD8534A9-BBE8-4404-8CDA-9D9011DC8811}.Debug|Any CPU.Build.0 = Debug|Any CPU
		{FD8534A9-BBE8-4404-8CDA-9D9011DC8811}.Release|Any CPU.ActiveCfg = Release|Any CPU
		{FD8534A9-BBE8-4404-8CDA-9D9011DC8811}.Release|Any CPU.Build.0 = Release|Any CPU
	EndGlobalSection
	GlobalSection(SolutionProperties) = preSolution
		HideSolutionNode = FALSE
	EndGlobalSection
	GlobalSection(ExtensibilityGlobals) = postSolution
		SolutionGuid = {7E41006F-6314-4EE1-BF33-0913D712662B}
	EndGlobalSection
EndGlobal
